
Microsoft Visual Studio Solution File, Format Version 12.00
# Visual Studio 14
VisualStudioVersion = 14.0.25240.1
MinimumVisualStudioVersion = 10.0.40219.1
Project("{FAE04EC0-301F-11D3-BF4B-00C04F79EFBC}") = "Mnemosyne Of Mine", "Mnemosyne Of Mine\Mnemosyne Of Mine.csproj", "{74D41547-349B-458D-A437-93EFA3B19099}"
	ProjectSection(ProjectDependencies) = postProject
		{1C8EA747-89C2-4F4B-A3B5-D65041ECF3FC} = {1C8EA747-89C2-4F4B-A3B5-D65041ECF3FC}
	EndProjectSection
EndProject
Project("{2150E333-8FDC-42A3-9474-1A3956D46DE8}") = "Solution Items", "Solution Items", "{BE8B808A-3C5C-4A0F-99CA-1D83AA921D26}"
	ProjectSection(SolutionItems) = preProject
		.travis.yml = .travis.yml
		ArchiveBotProject.html = ArchiveBotProject.html
		Readme.md = Readme.md
	EndProjectSection
EndProject
Project("{FAE04EC0-301F-11D3-BF4B-00C04F79EFBC}") = "ArchiveLibrary", "ArchiveLibrary\ArchiveLibrary.csproj", "{1C8EA747-89C2-4F4B-A3B5-D65041ECF3FC}"
EndProject
Project("{FAE04EC0-301F-11D3-BF4B-00C04F79EFBC}") = "ConfigurationConversion", "ConfigurationConversion\ConfigurationConversion.csproj", "{7C5D17DF-CE3E-4F46-9063-1958012B9636}"
EndProject
Project("{FAE04EC0-301F-11D3-BF4B-00C04F79EFBC}") = "UnitTesterForConfig", "UnitTesterForConfig\UnitTesterForConfig.csproj", "{8CFEDB8C-BC69-4A61-8E8B-5598F1A1D6E4}"
EndProject
Global
	GlobalSection(Performance) = preSolution
		HasPerformanceSessions = true
	EndGlobalSection
	GlobalSection(SolutionConfigurationPlatforms) = preSolution
		Debug|Any CPU = Debug|Any CPU
		DEBUGANNOY|Any CPU = DEBUGANNOY|Any CPU
		Release|Any CPU = Release|Any CPU
		REPOSTRELEASE|Any CPU = REPOSTRELEASE|Any CPU
		SQLDEBUG|Any CPU = SQLDEBUG|Any CPU
	EndGlobalSection
	GlobalSection(ProjectConfigurationPlatforms) = postSolution
		{74D41547-349B-458D-A437-93EFA3B19099}.Debug|Any CPU.ActiveCfg = Debug|Any CPU
		{74D41547-349B-458D-A437-93EFA3B19099}.Debug|Any CPU.Build.0 = Debug|Any CPU
		{74D41547-349B-458D-A437-93EFA3B19099}.DEBUGANNOY|Any CPU.ActiveCfg = DEBUGANNOY|Any CPU
		{74D41547-349B-458D-A437-93EFA3B19099}.DEBUGANNOY|Any CPU.Build.0 = DEBUGANNOY|Any CPU
		{74D41547-349B-458D-A437-93EFA3B19099}.Release|Any CPU.ActiveCfg = Release|Any CPU
		{74D41547-349B-458D-A437-93EFA3B19099}.Release|Any CPU.Build.0 = Release|Any CPU
		{74D41547-349B-458D-A437-93EFA3B19099}.REPOSTRELEASE|Any CPU.ActiveCfg = REPOSTRELEASE|Any CPU
		{74D41547-349B-458D-A437-93EFA3B19099}.REPOSTRELEASE|Any CPU.Build.0 = REPOSTRELEASE|Any CPU
		{74D41547-349B-458D-A437-93EFA3B19099}.SQLDEBUG|Any CPU.ActiveCfg = SQLDEBUG|Any CPU
		{74D41547-349B-458D-A437-93EFA3B19099}.SQLDEBUG|Any CPU.Build.0 = SQLDEBUG|Any CPU
		{1C8EA747-89C2-4F4B-A3B5-D65041ECF3FC}.Debug|Any CPU.ActiveCfg = Debug|Any CPU
		{1C8EA747-89C2-4F4B-A3B5-D65041ECF3FC}.Debug|Any CPU.Build.0 = Debug|Any CPU
		{1C8EA747-89C2-4F4B-A3B5-D65041ECF3FC}.DEBUGANNOY|Any CPU.ActiveCfg = Debug|Any CPU
		{1C8EA747-89C2-4F4B-A3B5-D65041ECF3FC}.DEBUGANNOY|Any CPU.Build.0 = Debug|Any CPU
		{1C8EA747-89C2-4F4B-A3B5-D65041ECF3FC}.Release|Any CPU.ActiveCfg = Release|Any CPU
		{1C8EA747-89C2-4F4B-A3B5-D65041ECF3FC}.Release|Any CPU.Build.0 = Release|Any CPU
		{1C8EA747-89C2-4F4B-A3B5-D65041ECF3FC}.REPOSTRELEASE|Any CPU.ActiveCfg = Release|Any CPU
		{1C8EA747-89C2-4F4B-A3B5-D65041ECF3FC}.REPOSTRELEASE|Any CPU.Build.0 = Release|Any CPU
		{1C8EA747-89C2-4F4B-A3B5-D65041ECF3FC}.SQLDEBUG|Any CPU.ActiveCfg = Release|Any CPU
		{1C8EA747-89C2-4F4B-A3B5-D65041ECF3FC}.SQLDEBUG|Any CPU.Build.0 = Release|Any CPU
		{7C5D17DF-CE3E-4F46-9063-1958012B9636}.Debug|Any CPU.ActiveCfg = Debug|Any CPU
		{7C5D17DF-CE3E-4F46-9063-1958012B9636}.Debug|Any CPU.Build.0 = Debug|Any CPU
		{7C5D17DF-CE3E-4F46-9063-1958012B9636}.DEBUGANNOY|Any CPU.ActiveCfg = Debug|Any CPU
		{7C5D17DF-CE3E-4F46-9063-1958012B9636}.DEBUGANNOY|Any CPU.Build.0 = Debug|Any CPU
		{7C5D17DF-CE3E-4F46-9063-1958012B9636}.Release|Any CPU.ActiveCfg = Release|Any CPU
		{7C5D17DF-CE3E-4F46-9063-1958012B9636}.Release|Any CPU.Build.0 = Release|Any CPU
		{7C5D17DF-CE3E-4F46-9063-1958012B9636}.REPOSTRELEASE|Any CPU.ActiveCfg = Release|Any CPU
		{7C5D17DF-CE3E-4F46-9063-1958012B9636}.REPOSTRELEASE|Any CPU.Build.0 = Release|Any CPU
		{7C5D17DF-CE3E-4F46-9063-1958012B9636}.SQLDEBUG|Any CPU.ActiveCfg = Release|Any CPU
		{7C5D17DF-CE3E-4F46-9063-1958012B9636}.SQLDEBUG|Any CPU.Build.0 = Release|Any CPU
		{8CFEDB8C-BC69-4A61-8E8B-5598F1A1D6E4}.Debug|Any CPU.ActiveCfg = Debug|Any CPU
		{8CFEDB8C-BC69-4A61-8E8B-5598F1A1D6E4}.Debug|Any CPU.Build.0 = Debug|Any CPU
		{8CFEDB8C-BC69-4A61-8E8B-5598F1A1D6E4}.DEBUGANNOY|Any CPU.ActiveCfg = Debug|Any CPU
		{8CFEDB8C-BC69-4A61-8E8B-5598F1A1D6E4}.DEBUGANNOY|Any CPU.Build.0 = Debug|Any CPU
		{8CFEDB8C-BC69-4A61-8E8B-5598F1A1D6E4}.Release|Any CPU.ActiveCfg = Release|Any CPU
		{8CFEDB8C-BC69-4A61-8E8B-5598F1A1D6E4}.Release|Any CPU.Build.0 = Release|Any CPU
		{8CFEDB8C-BC69-4A61-8E8B-5598F1A1D6E4}.REPOSTRELEASE|Any CPU.ActiveCfg = Release|Any CPU
		{8CFEDB8C-BC69-4A61-8E8B-5598F1A1D6E4}.REPOSTRELEASE|Any CPU.Build.0 = Release|Any CPU
		{8CFEDB8C-BC69-4A61-8E8B-5598F1A1D6E4}.SQLDEBUG|Any CPU.ActiveCfg = Release|Any CPU
		{8CFEDB8C-BC69-4A61-8E8B-5598F1A1D6E4}.SQLDEBUG|Any CPU.Build.0 = Release|Any CPU
	EndGlobalSection
	GlobalSection(SolutionProperties) = preSolution
		HideSolutionNode = FALSE
	EndGlobalSection
EndGlobal
